Microsoft Visual Studio Solution File, Format Version 12.00
# Visual Studio Version 17
VisualStudioVersion = 17.8.0.0
MinimumVisualStudioVersion = 17.8.0.0
Project("{9A19103F-16F7-4668-BE54-9A1E7A4F7556}") = "githubcapetown.AppHost", "githubcapetown.AppHost\githubcapetown.AppHost.csproj", "{DF0272BE-CA06-4B65-8B5A-9DF69CEC99A1}"
EndProject
Project("{9A19103F-16F7-4668-BE54-9A1E7A4F7556}") = "githubcapetown.ServiceDefaults", "githubcapetown.ServiceDefaults\githubcapetown.ServiceDefaults.csproj", "{4349E252-4619-485B-A5B3-CB5855897ABE}"
EndProject
Project("{9A19103F-16F7-4668-BE54-9A1E7A4F7556}") = "githubcapetown.ApiService", "githubcapetown.ApiService\githubcapetown.ApiService.csproj", "{BA231C69-FC6B-4A43-AB24-6D68D9B256DC}"
EndProject
Project("{9A19103F-16F7-4668-BE54-9A1E7A4F7556}") = "githubcapetown.Web", "githubcapetown.Web\githubcapetown.Web.csproj", "{9968CBA7-9B9A-4F67-ADD0-8C34026455B4}"
EndProject
Global
	GlobalSection(SolutionConfigurationPlatforms) = preSolution
		Debug|Any CPU = Debug|Any CPU
		Release|Any CPU = Release|Any CPU
	EndGlobalSection
	GlobalSection(ProjectConfigurationPlatforms) = postSolution
		{DF0272BE-CA06-4B65-8B5A-9DF69CEC99A1}.Debug|Any CPU.ActiveCfg = Debug|Any CPU
		{DF0272BE-CA06-4B65-8B5A-9DF69CEC99A1}.Debug|Any CPU.Build.0 = Debug|Any CPU
		{DF0272BE-CA06-4B65-8B5A-9DF69CEC99A1}.Release|Any CPU.ActiveCfg = Release|Any CPU
		{DF0272BE-CA06-4B65-8B5A-9DF69CEC99A1}.Release|Any CPU.Build.0 = Release|Any CPU
		{4349E252-4619-485B-A5B3-CB5855897ABE}.Debug|Any CPU.ActiveCfg = Debug|Any CPU
		{4349E252-4619-485B-A5B3-CB5855897ABE}.Debug|Any CPU.Build.0 = Debug|Any CPU
		{4349E252-4619-485B-A5B3-CB5855897ABE}.Release|Any CPU.ActiveCfg = Release|Any CPU
		{4349E252-4619-485B-A5B3-CB5855897ABE}.Release|Any CPU.Build.0 = Release|Any CPU
		{BA231C69-FC6B-4A43-AB24-6D68D9B256DC}.Debug|Any CPU.ActiveCfg = Debug|Any CPU
		{BA231C69-FC6B-4A43-AB24-6D68D9B256DC}.Debug|Any CPU.Build.0 = Debug|Any CPU
		{BA231C69-FC6B-4A43-AB24-6D68D9B256DC}.Release|Any CPU.ActiveCfg = Release|Any CPU
		{BA231C69-FC6B-4A43-AB24-6D68D9B256DC}.Release|Any CPU.Build.0 = Release|Any CPU
		{9968CBA7-9B9A-4F67-ADD0-8C34026455B4}.Debug|Any CPU.ActiveCfg = Debug|Any CPU
		{9968CBA7-9B9A-4F67-ADD0-8C34026455B4}.Debug|Any CPU.Build.0 = Debug|Any CPU
		{9968CBA7-9B9A-4F67-ADD0-8C34026455B4}.Release|Any CPU.ActiveCfg = Release|Any CPU
		{9968CBA7-9B9A-4F67-ADD0-8C34026455B4}.Release|Any CPU.Build.0 = Release|Any CPU
	EndGlobalSection
	GlobalSection(SolutionProperties) = preSolution
		HideSolutionNode = FALSE
	EndGlobalSection
	GlobalSection(ExtensibilityGlobals) = postSolution
		SolutionGuid = {86560975-B414-41B7-89AF-209BAFC64780}
	EndGlobalSection
EndGlobal
